
Microsoft Visual Studio Solution File, Format Version 12.00
# Visual Studio 15
VisualStudioVersion = 15.0.28307.489
MinimumVisualStudioVersion = 10.0.40219.1
Project("{9A19103F-16F7-4668-BE54-9A1E7A4F7556}") = "FCamara.WebApi", "TestProjetcFCamara\FCamara.WebApi.csproj", "{C39B3EF6-39BF-418B-B095-2F203889B922}"
EndProject
Project("{9A19103F-16F7-4668-BE54-9A1E7A4F7556}") = "FCamara.Domain", "FCamara.Domain\FCamara.Domain.csproj", "{D1BD2F7C-EF4F-4554-9FE4-08F6A963522C}"
EndProject
Project("{2150E333-8FDC-42A3-9474-1A3956D46DE8}") = "1 - WebApi", "1 - WebApi", "{23C5F75D-9740-4723-87E4-8CC36D3AF2CE}"
EndProject
Project("{2150E333-8FDC-42A3-9474-1A3956D46DE8}") = "3 - Domain", "3 - Domain", "{FD320494-8458-4CE9-AEF1-45192A8E6A21}"
EndProject
Project("{2150E333-8FDC-42A3-9474-1A3956D46DE8}") = "4 - Infra", "4 - Infra", "{23913D76-5A9A-4EC9-A9D1-58782946362A}"
EndProject
Project("{9A19103F-16F7-4668-BE54-9A1E7A4F7556}") = "FCamara.Infra", "FCamara.Infra\FCamara.Infra.csproj", "{F99C48F4-9E3F-4EEB-B103-14EA7A40B995}"
EndProject
Project("{2150E333-8FDC-42A3-9474-1A3956D46DE8}") = "5 - Shared", "5 - Shared", "{7A9916BB-858A-440E-ADE4-92B830D6666D}"
EndProject
Project("{9A19103F-16F7-4668-BE54-9A1E7A4F7556}") = "FCamara.Shared", "FCamara.Shared\FCamara.Shared.csproj", "{B9EE3778-AF5F-498E-BB05-ACAE2CE5EC48}"
EndProject
Project("{9A19103F-16F7-4668-BE54-9A1E7A4F7556}") = "FCamara.CrossCutting.Ioc", "FCamara.CrossCutting.Ioc\FCamara.CrossCutting.Ioc.csproj", "{04A693C7-82ED-40D9-B942-EAC334DE002F}"
EndProject
Project("{2150E333-8FDC-42A3-9474-1A3956D46DE8}") = "6 - Tests", "6 - Tests", "{DA6DC02B-B7B3-4459-A78C-621FF8A4FED1}"
EndProject
Project("{9A19103F-16F7-4668-BE54-9A1E7A4F7556}") = "FCamara.XUnitTest", "FCamara.XUnitTest\FCamara.XUnitTest.csproj", "{5F2C6CB0-FD1F-47ED-8881-E3079D932574}"
EndProject
Project("{2150E333-8FDC-42A3-9474-1A3956D46DE8}") = "2 - Application", "2 - Application", "{90AA1C80-3DF6-41DA-B0A4-184DE5D1ED23}"
EndProject
Project("{9A19103F-16F7-4668-BE54-9A1E7A4F7556}") = "FCamara.Application", "FCamara.Application\FCamara.Application.csproj", "{3F6C7C81-8283-44A7-82C5-AA299ADFBDF2}"
EndProject
Project("{9A19103F-16F7-4668-BE54-9A1E7A4F7556}") = "FCamara.Domain.Core", "FCamara.Domain.Core\FCamara.Domain.Core.csproj", "{F9177E5B-BFC5-4E75-B2F4-683120A6B327}"
EndProject
Project("{9A19103F-16F7-4668-BE54-9A1E7A4F7556}") = "FCamara.Domain.Service", "FCamara.Domain.Service\FCamara.Domain.Service.csproj", "{9215BF79-9585-473D-AD9A-097364B97516}"
EndProject
Global
	GlobalSection(SolutionConfigurationPlatforms) = preSolution
		Debug|Any CPU = Debug|Any CPU
		Release|Any CPU = Release|Any CPU
	EndGlobalSection
	GlobalSection(ProjectConfigurationPlatforms) = postSolution
		{C39B3EF6-39BF-418B-B095-2F203889B922}.Debug|Any CPU.ActiveCfg = Debug|Any CPU
		{C39B3EF6-39BF-418B-B095-2F203889B922}.Debug|Any CPU.Build.0 = Debug|Any CPU
		{C39B3EF6-39BF-418B-B095-2F203889B922}.Release|Any CPU.ActiveCfg = Release|Any CPU
		{C39B3EF6-39BF-418B-B095-2F203889B922}.Release|Any CPU.Build.0 = Release|Any CPU
		{D1BD2F7C-EF4F-4554-9FE4-08F6A963522C}.Debug|Any CPU.ActiveCfg = Debug|Any CPU
		{D1BD2F7C-EF4F-4554-9FE4-08F6A963522C}.Debug|Any CPU.Build.0 = Debug|Any CPU
		{D1BD2F7C-EF4F-4554-9FE4-08F6A963522C}.Release|Any CPU.ActiveCfg = Release|Any CPU
		{D1BD2F7C-EF4F-4554-9FE4-08F6A963522C}.Release|Any CPU.Build.0 = Release|Any CPU
		{F99C48F4-9E3F-4EEB-B103-14EA7A40B995}.Debug|Any CPU.ActiveCfg = Debug|Any CPU
		{F99C48F4-9E3F-4EEB-B103-14EA7A40B995}.Debug|Any CPU.Build.0 = Debug|Any CPU
		{F99C48F4-9E3F-4EEB-B103-14EA7A40B995}.Release|Any CPU.ActiveCfg = Release|Any CPU
		{F99C48F4-9E3F-4EEB-B103-14EA7A40B995}.Release|Any CPU.Build.0 = Release|Any CPU
		{B9EE3778-AF5F-498E-BB05-ACAE2CE5EC48}.Debug|Any CPU.ActiveCfg = Debug|Any CPU
		{B9EE3778-AF5F-498E-BB05-ACAE2CE5EC48}.Debug|Any CPU.Build.0 = Debug|Any CPU
		{B9EE3778-AF5F-498E-BB05-ACAE2CE5EC48}.Release|Any CPU.ActiveCfg = Release|Any CPU
		{B9EE3778-AF5F-498E-BB05-ACAE2CE5EC48}.Release|Any CPU.Build.0 = Release|Any CPU
		{04A693C7-82ED-40D9-B942-EAC334DE002F}.Debug|Any CPU.ActiveCfg = Debug|Any CPU
		{04A693C7-82ED-40D9-B942-EAC334DE002F}.Debug|Any CPU.Build.0 = Debug|Any CPU
		{04A693C7-82ED-40D9-B942-EAC334DE002F}.Release|Any CPU.ActiveCfg = Release|Any CPU
		{04A693C7-82ED-40D9-B942-EAC334DE002F}.Release|Any CPU.Build.0 = Release|Any CPU
		{5F2C6CB0-FD1F-47ED-8881-E3079D932574}.Debug|Any CPU.ActiveCfg = Debug|Any CPU
		{5F2C6CB0-FD1F-47ED-8881-E3079D932574}.Debug|Any CPU.Build.0 = Debug|Any CPU
		{5F2C6CB0-FD1F-47ED-8881-E3079D932574}.Release|Any CPU.ActiveCfg = Release|Any CPU
		{5F2C6CB0-FD1F-47ED-8881-E3079D932574}.Release|Any CPU.Build.0 = Release|Any CPU
		{3F6C7C81-8283-44A7-82C5-AA299ADFBDF2}.Debug|Any CPU.ActiveCfg = Debug|Any CPU
		{3F6C7C81-8283-44A7-82C5-AA299ADFBDF2}.Debug|Any CPU.Build.0 = Debug|Any CPU
		{3F6C7C81-8283-44A7-82C5-AA299ADFBDF2}.Release|Any CPU.ActiveCfg = Release|Any CPU
		{3F6C7C81-8283-44A7-82C5-AA299ADFBDF2}.Release|Any CPU.Build.0 = Release|Any CPU
		{F9177E5B-BFC5-4E75-B2F4-683120A6B327}.Debug|Any CPU.ActiveCfg = Debug|Any CPU
		{F9177E5B-BFC5-4E75-B2F4-683120A6B327}.Debug|Any CPU.Build.0 = Debug|Any CPU
		{F9177E5B-BFC5-4E75-B2F4-683120A6B327}.Release|Any CPU.ActiveCfg = Release|Any CPU
		{F9177E5B-BFC5-4E75-B2F4-683120A6B327}.Release|Any CPU.Build.0 = Release|Any CPU
		{9215BF79-9585-473D-AD9A-097364B97516}.Debug|Any CPU.ActiveCfg = Debug|Any CPU
		{9215BF79-9585-473D-AD9A-097364B97516}.Debug|Any CPU.Build.0 = Debug|Any CPU
		{9215BF79-9585-473D-AD9A-097364B97516}.Release|Any CPU.ActiveCfg = Release|Any CPU
		{9215BF79-9585-473D-AD9A-097364B97516}.Release|Any CPU.Build.0 = Release|Any CPU
	EndGlobalSection
	GlobalSection(SolutionProperties) = preSolution
		HideSolutionNode = FALSE
	EndGlobalSection
	GlobalSection(NestedProjects) = preSolution
		{C39B3EF6-39BF-418B-B095-2F203889B922} = {23C5F75D-9740-4723-87E4-8CC36D3AF2CE}
		{D1BD2F7C-EF4F-4554-9FE4-08F6A963522C} = {FD320494-8458-4CE9-AEF1-45192A8E6A21}
		{F99C48F4-9E3F-4EEB-B103-14EA7A40B995} = {23913D76-5A9A-4EC9-A9D1-58782946362A}
		{B9EE3778-AF5F-498E-BB05-ACAE2CE5EC48} = {7A9916BB-858A-440E-ADE4-92B830D6666D}
		{04A693C7-82ED-40D9-B942-EAC334DE002F} = {23913D76-5A9A-4EC9-A9D1-58782946362A}
		{5F2C6CB0-FD1F-47ED-8881-E3079D932574} = {DA6DC02B-B7B3-4459-A78C-621FF8A4FED1}
		{3F6C7C81-8283-44A7-82C5-AA299ADFBDF2} = {90AA1C80-3DF6-41DA-B0A4-184DE5D1ED23}
		{F9177E5B-BFC5-4E75-B2F4-683120A6B327} = {FD320494-8458-4CE9-AEF1-45192A8E6A21}
		{9215BF79-9585-473D-AD9A-097364B97516} = {FD320494-8458-4CE9-AEF1-45192A8E6A21}
	EndGlobalSection
	GlobalSection(ExtensibilityGlobals) = postSolution
		SolutionGuid = {966F0BA9-A2CF-4BA7-8928-707AAAC25DD3}
	EndGlobalSection
EndGlobal
